{
  "name": "shopify-orm",
  "version": "1.0.0",
  "lockfileVersion": 3,
  "requires": true,
  "packages": {
    "": {
      "name": "shopify-orm",
      "version": "1.0.0",
      "license": "ISC",
      "dependencies": {
        "@shopify/graphql-client": "^0.8.0",
        "json-to-graphql-query": "^2.2.5"
      }
    },
    "node_modules/@shopify/graphql-client": {
      "version": "0.8.0",
      "resolved": "https://registry.npmjs.org/@shopify/graphql-client/-/graphql-client-0.8.0.tgz",
      "integrity": "sha512-YtEwYVUzV5n1fyQoc3Rsd5Y1F8OWP27dVe8/gQ3xNy7MLlRIOd3uT9/2LagUNM2cGw3tSrc8d35XG/cKFnCVyg=="
    },
    "node_modules/json-to-graphql-query": {
      "version": "2.2.5",
      "resolved": "https://registry.npmjs.org/json-to-graphql-query/-/json-to-graphql-query-2.2.5.tgz",
      "integrity": "sha512-5Nom9inkIMrtY992LMBBG1Zaekrc10JaRhyZgprwHBVMDtRgllTvzl0oBbg13wJsVZoSoFNNMaeIVQs0P04vsA=="
    }
  }
}
